
Microsoft Visual Studio Solution File, Format Version 12.00
# Visual Studio 15
VisualStudioVersion = 15.0.28307.1831
MinimumVisualStudioVersion = 10.0.40219.1
Project("{FAE04EC0-301F-11D3-BF4B-00C04F79EFBC}") = "BEComentarios", "BEComentarios\BEComentarios.csproj", "{4E8C4E44-A9D1-4C99-83C9-AA6B59DA7AD9}"
EndProject
Global
	GlobalSection(SolutionConfigurationPlatforms) = preSolution
		Debug|Any CPU = Debug|Any CPU
		Release|Any CPU = Release|Any CPU
	EndGlobalSection
	GlobalSection(ProjectConfigurationPlatforms) = postSolution
		{4E8C4E44-A9D1-4C99-83C9-AA6B59DA7AD9}.Debug|Any CPU.ActiveCfg = Debug|Any CPU
		{4E8C4E44-A9D1-4C99-83C9-AA6B59DA7AD9}.Debug|Any CPU.Build.0 = Debug|Any CPU
		{4E8C4E44-A9D1-4C99-83C9-AA6B59DA7AD9}.Release|Any CPU.ActiveCfg = Release|Any CPU
		{4E8C4E44-A9D1-4C99-83C9-AA6B59DA7AD9}.Release|Any CPU.Build.0 = Release|Any CPU
	EndGlobalSection
	GlobalSection(SolutionProperties) = preSolution
		HideSolutionNode = FALSE
	EndGlobalSection
	GlobalSection(ExtensibilityGlobals) = postSolution
		SolutionGuid = {1E20BA64-A885-4596-9AF9-6BFB260B1E92}
	EndGlobalSection
EndGlobal
